PODS:
  - Multilingual (1.0.0):
    - Multilingual/Language (= 1.0.0)
  - Multilingual/Language (1.0.0)

DEPENDENCIES:
  - Multilingual (from `https://github.com/JustinYangJing/Multilingual.git`)

EXTERNAL SOURCES:
  Multilingual:
    :git: https://github.com/JustinYangJing/Multilingual.git

CHECKOUT OPTIONS:
  Multilingual:
    :commit: 1c67036329377d638221d0962643677edf501892
    :git: https://github.com/JustinYangJing/Multilingual.git

SPEC CHECKSUMS:
  Multilingual: 9a51ae8e43aa9f259cbd7f774bbfac84fae941c2

PODFILE CHECKSUM: 92337d439b8eacddcca064848c7ba366851e8f45

COCOAPODS: 1.2.0
