PODS:
  - Multilingual (0.0.2):
    - Multilingual/Language (= 0.0.2)
  - Multilingual/Language (0.0.2)

DEPENDENCIES:
  - Multilingual (from `https://github.com/JustinYangJing/Multilingual.git`)

EXTERNAL SOURCES:
  Multilingual:
    :git: https://github.com/JustinYangJing/Multilingual.git

CHECKOUT OPTIONS:
  Multilingual:
    :commit: c700898fce06bcd7d67d9eae182947aa69c496f4
    :git: https://github.com/JustinYangJing/Multilingual.git

SPEC CHECKSUMS:
  Multilingual: a0db46690c145bde5405f6ad23fd03102c082938

PODFILE CHECKSUM: ef3da81b1905ea6f571261ba0402aee5d0ea5ccf

COCOAPODS: 1.2.0
